{
  "name": "@sounds.of.limbo/tooltip",
  "version": "0.1.1",
  "lockfileVersion": 2,
  "requires": true,
  "packages": {
    "": {
      "name": "@sounds.of.limbo/tooltip",
      "version": "0.1.1",
      "license": "MIT",
      "devDependencies": {
        "@types/node": "^20.19.43",
        "@types/react": "^18.0.25",
        "@types/react-dom": "^18.0.8",
        "mobx": "^6.16.1",
        "mobx-react": "^7.6.0",
        "react": "^18.2.0",
        "react-dom": "^18.2.0",
        "sass": "1.104.1",
        "ts-node": "^10.9.2",
        "tsconfig-paths": "^4.2.0",
        "typescript": "5.9.3"
      },
      "peerDependencies": {
        "mobx": "^6",
        "mobx-react": ">=7",
        "react": ">=16",
        "react-dom": ">=16"
      }
    },
    "node_modules/@cspotcode/source-map-support": {
      "version": "0.8.1",
      "resolved": "https://registry.npmjs.org/@cspotcode/source-map-support/-/source-map-support-0.8.1.tgz",
      "integrity": "sha512-IchNf6dN4tHoMFIn/7OE8LWZ19Y6q/67Bmf6vnGREv8RSbBVb9LPJxEcnwrcwX6ixSvaiGoomAUvu4YSxXrVgw==",
      "dev": true,
      "dependencies": {
        "@jridgewell/trace-mapping": "0.3.9"
      },
      "engines": {
        "node": ">=12"
      }
    },
    "node_modules/@jridgewell/resolve-uri": {
      "version": "3.1.0",
      "resolved": "https://registry.npmjs.org/@jridgewell/resolve-uri/-/resolve-uri-3.1.0.tgz",
      "integrity": "sha512-F2msla3tad+Mfht5cJq7LSXcdudKTWCVYUgw6pLFOOHSTtZlj6SWNYAp+AhuqLmWdBO2X5hPrLcu8cVP8fy28w==",
      "dev": true,
      "engines": {
        "node": ">=6.0.0"
      }
    },
    "node_modules/@jridgewell/sourcemap-codec": {
      "version": "1.4.14",
      "resolved": "https://registry.npmjs.org/@jridgewell/sourcemap-codec/-/sourcemap-codec-1.4.14.tgz",
      "integrity": "sha512-XPSJHWmi394fuUuzDnGz1wiKqWfo1yXecHQMRf2l6hztTO+nPru658AyDngaBe7isIxEkRsPR3FZh+s7iVa4Uw==",
      "dev": true
    },
    "node_modules/@jridgewell/trace-mapping": {
      "version": "0.3.9",
      "resolved": "https://registry.npmjs.org/@jridgewell/trace-mapping/-/trace-mapping-0.3.9.tgz",
      "integrity": "sha512-3Belt6tdc8bPgAtbcmdtNJlirVoTmEb5e2gC94PnkwEW9jI6CAHUeoG85tjWP5WquqfavoMtMwiG4P926ZKKuQ==",
      "dev": true,
      "dependencies": {
        "@jridgewell/resolve-uri": "^3.0.3",
        "@jridgewell/sourcemap-codec": "^1.4.10"
      }
    },
    "node_modules/@parcel/watcher": {
      "version": "2.6.0",
      "resolved": "https://registry.npmjs.org/@parcel/watcher/-/watcher-2.6.0.tgz",
      "integrity": "sha512-7FNeNl8NCE7aINx7WXiKQrPYZWC/hvrTsmk6zmxbI7LTXE7hVek/n8AfVgpe2y82zl3w0HvCHN0bVKMBoJcC0w==",
      "dev": true,
      "hasInstallScript": true,
      "license": "MIT",
      "optional": true,
      "dependencies": {
        "detect-libc": "^2.0.3",
        "is-glob": "^4.0.3",
        "node-addon-api": "^7.0.0",
        "picomatch": "^4.0.4"
      },
      "engines": {
        "node": ">= 10.0.0"
      },
      "funding": {
        "type": "opencollective",
        "url": "https://opencollective.com/parcel"
      },
      "optionalDependencies": {
        "@parcel/watcher-android-arm64": "2.6.0",
        "@parcel/watcher-darwin-arm64": "2.6.0",
        "@parcel/watcher-darwin-x64": "2.6.0",
        "@parcel/watcher-freebsd-x64": "2.6.0",
        "@parcel/watcher-linux-arm-glibc": "2.6.0",
        "@parcel/watcher-linux-arm-musl": "2.6.0",
        "@parcel/watcher-linux-arm64-glibc": "2.6.0",
        "@parcel/watcher-linux-arm64-musl": "2.6.0",
        "@parcel/watcher-linux-x64-glibc": "2.6.0",
        "@parcel/watcher-linux-x64-musl": "2.6.0",
        "@parcel/watcher-win32-arm64": "2.6.0",
        "@parcel/watcher-win32-x64": "2.6.0"
      }
    },
    "node_modules/@parcel/watcher-android-arm64": {
      "version": "2.6.0",
      "resolved": "https://registry.npmjs.org/@parcel/watcher-android-arm64/-/watcher-android-arm64-2.6.0.tgz",
      "integrity": "sha512-trgpLSCKRC/huFjXX/Smh+0sWe4+YtKfktIToiMl59ghz7z+qkH6kMvNnUbLyRs9N11t8l4svSCs1+5B3rOAhA==",
      "cpu": [
        "arm64"
      ],
      "dev": true,
      "license": "MIT",
      "optional": true,
      "os": [
        "android"
      ],
      "engines": {
        "node": ">= 10.0.0"
      },
      "funding": {
        "type": "opencollective",
        "url": "https://opencollective.com/parcel"
      }
    },
    "node_modules/@parcel/watcher-darwin-arm64": {
      "version": "2.6.0",
      "resolved": "https://registry.npmjs.org/@parcel/watcher-darwin-arm64/-/watcher-darwin-arm64-2.6.0.tgz",
      "integrity": "sha512-Y3QV0gl7Q1zbfueunkWIERICbEojQFCgpyG7YqOGNFLsckXyI1xu9mAIUpKY9QBYzBtSkN8dBPwd3yiAO9ovMw==",
      "cpu": [
        "arm64"
      ],
      "dev": true,
      "license": "MIT",
      "optional": true,
      "os": [
        "darwin"
      ],
      "engines": {
        "node": ">= 10.0.0"
      },
      "funding": {
        "type": "opencollective",
        "url": "https://opencollective.com/parcel"
      }
    },
    "node_modules/@parcel/watcher-darwin-x64": {
      "version": "2.6.0",
      "resolved": "https://registry.npmjs.org/@parcel/watcher-darwin-x64/-/watcher-darwin-x64-2.6.0.tgz",
      "integrity": "sha512-Ohv6OpzhUfKYD7Beb8kDvG0jbIxORCYY1JRdZnaBtnjjkJxgD7ZVL0nw2sCYd0yTMKTvz3nnTnOF3cDifK+kvw==",
      "cpu": [
        "x64"
      ],
      "dev": true,
      "license": "MIT",
      "optional": true,
      "os": [
        "darwin"
      ],
      "engines": {
        "node": ">= 10.0.0"
      },
      "funding": {
        "type": "opencollective",
        "url": "https://opencollective.com/parcel"
      }
    },
    "node_modules/@parcel/watcher-freebsd-x64": {
      "version": "2.6.0",
      "resolved": "https://registry.npmjs.org/@parcel/watcher-freebsd-x64/-/watcher-freebsd-x64-2.6.0.tgz",
      "integrity": "sha512-5HmXvDgs8VK+74jF9y9/2FE3/OnlcKmc56tjmSrEuZjpSZOGL+fvAu+HKJBdPs9uwoP2hE6TlSUpXZ/C5jUFmQ==",
      "cpu": [
        "x64"
      ],
      "dev": true,
      "license": "MIT",
      "optional": true,
      "os": [
        "freebsd"
      ],
      "engines": {
        "node": ">= 10.0.0"
      },
      "funding": {
        "type": "opencollective",
        "url": "https://opencollective.com/parcel"
      }
    },
    "node_modules/@parcel/watcher-linux-arm-glibc": {
      "version": "2.6.0",
      "resolved": "https://registry.npmjs.org/@parcel/watcher-linux-arm-glibc/-/watcher-linux-arm-glibc-2.6.0.tgz",
      "integrity": "sha512-Ps/hui3A+vMbjdqlqAowK2ZL8+BO8dBjxeWXj6npTBs3jx4wWmbPpaLuqwrQrSqIVMCnpWo238bJ1U37GhQOYg==",
      "cpu": [
        "arm"
      ],
      "dev": true,
      "license": "MIT",
      "optional": true,
      "os": [
        "linux"
      ],
      "engines": {
        "node": ">= 10.0.0"
      },
      "funding": {
        "type": "opencollective",
        "url": "https://opencollective.com/parcel"
      }
    },
    "node_modules/@parcel/watcher-linux-arm-musl": {
      "version": "2.6.0",
      "resolved": "https://registry.npmjs.org/@parcel/watcher-linux-arm-musl/-/watcher-linux-arm-musl-2.6.0.tgz",
      "integrity": "sha512-9c6AUHgHoG+IY88MRIHupztQiQnrbqHYQjkM2btA+Bf/wQnQMuiD0Wfk1EVv3TlNT3x41uU71rn6E4xh/+zvkw==",
      "cpu": [
        "arm"
      ],
      "dev": true,
      "license": "MIT",
      "optional": true,
      "os": [
        "linux"
      ],
      "engines": {
        "node": ">= 10.0.0"
      },
      "funding": {
        "type": "opencollective",
        "url": "https://opencollective.com/parcel"
      }
    },
    "node_modules/@parcel/watcher-linux-arm64-glibc": {
      "version": "2.6.0",
      "resolved": "https://registry.npmjs.org/@parcel/watcher-linux-arm64-glibc/-/watcher-linux-arm64-glibc-2.6.0.tgz",
      "integrity": "sha512-yHRqS2owEXe6Hic9z6Mh1ECsCd+ODVOGvZDyciqRd21+v+o+DnXMOrw50DSpIG2sb8GPEaPPmfeCAWKPJdq46g==",
      "cpu": [
        "arm64"
      ],
      "dev": true,
      "license": "MIT",
      "optional": true,
      "os": [
        "linux"
      ],
      "engines": {
        "node": ">= 10.0.0"
      },
      "funding": {
        "type": "opencollective",
        "url": "https://opencollective.com/parcel"
      }
    },
    "node_modules/@parcel/watcher-linux-arm64-musl": {
      "version": "2.6.0",
      "resolved": "https://registry.npmjs.org/@parcel/watcher-linux-arm64-musl/-/watcher-linux-arm64-musl-2.6.0.tgz",
      "integrity": "sha512-WhB2e/V7rqdHHWZusBSPuy5Ei8S6lSz6FE5TKKQz5h3a0O+C+mhY7vxU9b/stqvMb8beLnPY82ZrFTLKs+SrKA==",
      "cpu": [
        "arm64"
      ],
      "dev": true,
      "license": "MIT",
      "optional": true,
      "os": [
        "linux"
      ],
      "engines": {
        "node": ">= 10.0.0"
      },
      "funding": {
        "type": "opencollective",
        "url": "https://opencollective.com/parcel"
      }
    },
    "node_modules/@parcel/watcher-linux-x64-glibc": {
      "version": "2.6.0",
      "resolved": "https://registry.npmjs.org/@parcel/watcher-linux-x64-glibc/-/watcher-linux-x64-glibc-2.6.0.tgz",
      "integrity": "sha512-ulGE6x6Oz6iAwg75T8YQSoguBWasniIbX+QWpaYPcCnDOpdWX3k+4xbEYPZVLxOuoJI+svJJPD3sEj8G7lrQ3A==",
      "cpu": [
        "x64"
      ],
      "dev": true,
      "license": "MIT",
      "optional": true,
      "os": [
        "linux"
      ],
      "engines": {
        "node": ">= 10.0.0"
      },
      "funding": {
        "type": "opencollective",
        "url": "https://opencollective.com/parcel"
      }
    },
    "node_modules/@parcel/watcher-linux-x64-musl": {
      "version": "2.6.0",
      "resolved": "https://registry.npmjs.org/@parcel/watcher-linux-x64-musl/-/watcher-linux-x64-musl-2.6.0.tgz",
      "integrity": "sha512-tkBYKt7YQrjIJWYDnto2YgO8MRkjlMTSNoRHzsXinBqbLdeOM3L32wPZJvIZxqaLMfSlS/4sUjH/6STVP/XDLw==",
      "cpu": [
        "x64"
      ],
      "dev": true,
      "license": "MIT",
      "optional": true,
      "os": [
        "linux"
      ],
      "engines": {
        "node": ">= 10.0.0"
      },
      "funding": {
        "type": "opencollective",
        "url": "https://opencollective.com/parcel"
      }
    },
    "node_modules/@parcel/watcher-win32-arm64": {
      "version": "2.6.0",
      "resolved": "https://registry.npmjs.org/@parcel/watcher-win32-arm64/-/watcher-win32-arm64-2.6.0.tgz",
      "integrity": "sha512-gIZAP23jaHjGWasY/TY6yL7NHFClf0Ga7FN+iINvk+KN94rhm94lYZhFsbYFNcA04/onvGD9kKmiJLJB2HbNwQ==",
      "cpu": [
        "arm64"
      ],
      "dev": true,
      "license": "MIT",
      "optional": true,
      "os": [
        "win32"
      ],
      "engines": {
        "node": ">= 10.0.0"
      },
      "funding": {
        "type": "opencollective",
        "url": "https://opencollective.com/parcel"
      }
    },
    "node_modules/@parcel/watcher-win32-x64": {
      "version": "2.6.0",
      "resolved": "https://registry.npmjs.org/@parcel/watcher-win32-x64/-/watcher-win32-x64-2.6.0.tgz",
      "integrity": "sha512-cA+/pXV2YkfxlIcXOQ5fSWqAzzPyD78/x5qbK/I0vUkrlYHA8TIz+MXjAbGouguKVSI4bOmkTSJ1/poVSsgt+A==",
      "cpu": [
        "x64"
      ],
      "dev": true,
      "license": "MIT",
      "optional": true,
      "os": [
        "win32"
      ],
      "engines": {
        "node": ">= 10.0.0"
      },
      "funding": {
        "type": "opencollective",
        "url": "https://opencollective.com/parcel"
      }
    },
    "node_modules/@tsconfig/node10": {
      "version": "1.0.9",
      "resolved": "https://registry.npmjs.org/@tsconfig/node10/-/node10-1.0.9.tgz",
      "integrity": "sha512-jNsYVVxU8v5g43Erja32laIDHXeoNvFEpX33OK4d6hljo3jDhCBDhx5dhCCTMWUojscpAagGiRkBKxpdl9fxqA==",
      "dev": true
    },
    "node_modules/@tsconfig/node12": {
      "version": "1.0.11",
      "resolved": "https://registry.npmjs.org/@tsconfig/node12/-/node12-1.0.11.tgz",
      "integrity": "sha512-cqefuRsh12pWyGsIoBKJA9luFu3mRxCA+ORZvA4ktLSzIuCUtWVxGIuXigEwO5/ywWFMZ2QEGKWvkZG1zDMTag==",
      "dev": true
    },
    "node_modules/@tsconfig/node14": {
      "version": "1.0.3",
      "resolved": "https://registry.npmjs.org/@tsconfig/node14/-/node14-1.0.3.tgz",
      "integrity": "sha512-ysT8mhdixWK6Hw3i1V2AeRqZ5WfXg1G43mqoYlM2nc6388Fq5jcXyr5mRsqViLx/GJYdoL0bfXD8nmF+Zn/Iow==",
      "dev": true
    },
    "node_modules/@tsconfig/node16": {
      "version": "1.0.3",
      "resolved": "https://registry.npmjs.org/@tsconfig/node16/-/node16-1.0.3.tgz",
      "integrity": "sha512-yOlFc+7UtL/89t2ZhjPvvB/DeAr3r+Dq58IgzsFkOAvVC6NMJXmCGjbptdXdR9qsX7pKcTL+s87FtYREi2dEEQ==",
      "dev": true
    },
    "node_modules/@types/node": {
      "version": "20.19.43",
      "resolved": "https://registry.npmjs.org/@types/node/-/node-20.19.43.tgz",
      "integrity": "sha512-6oYBAi5ikg4Pl+kGsoYtawUMBT2zZMCvPNF7pVLnHZfd1zf38DRiWn/gT01RYCdUqkv7Fhr+C9ot4/tb+2sVvA==",
      "dev": true,
      "dependencies": {
        "undici-types": "~6.21.0"
      }
    },
    "node_modules/@types/prop-types": {
      "version": "15.7.5",
      "resolved": "https://registry.npmjs.org/@types/prop-types/-/prop-types-15.7.5.tgz",
      "integrity": "sha512-JCB8C6SnDoQf0cNycqd/35A7MjcnK+ZTqE7judS6o7utxUCg6imJg3QK2qzHKszlTjcj2cn+NwMB2i96ubpj7w==",
      "dev": true
    },
    "node_modules/@types/react": {
      "version": "18.0.25",
      "resolved": "https://registry.npmjs.org/@types/react/-/react-18.0.25.tgz",
      "integrity": "sha512-xD6c0KDT4m7n9uD4ZHi02lzskaiqcBxf4zi+tXZY98a04wvc0hi/TcCPC2FOESZi51Nd7tlUeOJY8RofL799/g==",
      "dev": true,
      "dependencies": {
        "@types/prop-types": "*",
        "@types/scheduler": "*",
        "csstype": "^3.0.2"
      }
    },
    "node_modules/@types/react-dom": {
      "version": "18.0.8",
      "resolved": "https://registry.npmjs.org/@types/react-dom/-/react-dom-18.0.8.tgz",
      "integrity": "sha512-C3GYO0HLaOkk9dDAz3Dl4sbe4AKUGTCfFIZsz3n/82dPNN8Du533HzKatDxeUYWu24wJgMP1xICqkWk1YOLOIw==",
      "dev": true,
      "dependencies": {
        "@types/react": "*"
      }
    },
    "node_modules/@types/scheduler": {
      "version": "0.16.2",
      "resolved": "https://registry.npmjs.org/@types/scheduler/-/scheduler-0.16.2.tgz",
      "integrity": "sha512-hppQEBDmlwhFAXKJX2KnWLYu5yMfi91yazPb2l+lbJiwW+wdo1gNeRA+3RgNSO39WYX2euey41KEwnqesU2Jew==",
      "dev": true
    },
    "node_modules/acorn": {
      "version": "8.8.1",
      "resolved": "https://registry.npmjs.org/acorn/-/acorn-8.8.1.tgz",
      "integrity": "sha512-7zFpHzhnqYKrkYdUjF1HI1bzd0VygEGX8lFk4k5zVMqHEoES+P+7TKI+EvLO9WVMJ8eekdO0aDEK044xTXwPPA==",
      "dev": true,
      "bin": {
        "acorn": "bin/acorn"
      },
      "engines": {
        "node": ">=0.4.0"
      }
    },
    "node_modules/acorn-walk": {
      "version": "8.2.0",
      "resolved": "https://registry.npmjs.org/acorn-walk/-/acorn-walk-8.2.0.tgz",
      "integrity": "sha512-k+iyHEuPgSw6SbuDpGQM+06HQUa04DZ3o+F6CSzXMvvI5KMvnaEqXe+YVe555R9nn6GPt404fos4wcgpw12SDA==",
      "dev": true,
      "engines": {
        "node": ">=0.4.0"
      }
    },
    "node_modules/arg": {
      "version": "4.1.3",
      "resolved": "https://registry.npmjs.org/arg/-/arg-4.1.3.tgz",
      "integrity": "sha512-58S9QDqG0Xx27YwPSt9fJxivjYl432YCwfDMfZ+71RAqUrZef7LrKQZ3LHLOwCS4FLNBplP533Zx895SeOCHvA==",
      "dev": true
    },
    "node_modules/chokidar": {
      "version": "5.0.0",
      "resolved": "https://registry.npmjs.org/chokidar/-/chokidar-5.0.0.tgz",
      "integrity": "sha512-TQMmc3w+5AxjpL8iIiwebF73dRDF4fBIieAqGn9RGCWaEVwQ6Fb2cGe31Yns0RRIzii5goJ1Y7xbMwo1TxMplw==",
      "dev": true,
      "license": "MIT",
      "dependencies": {
        "readdirp": "^5.0.0"
      },
      "engines": {
        "node": ">= 20.19.0"
      },
      "funding": {
        "url": "https://paulmillr.com/funding/"
      }
    },
    "node_modules/create-require": {
      "version": "1.1.1",
      "resolved": "https://registry.npmjs.org/create-require/-/create-require-1.1.1.tgz",
      "integrity": "sha512-dcKFX3jn0MpIaXjisoRvexIJVEKzaq7z2rZKxf+MSr9TkdmHmsU4m2lcLojrj/FHl8mk5VxMmYA+ftRkP/3oKQ==",
      "dev": true
    },
    "node_modules/csstype": {
      "version": "3.1.1",
      "resolved": "https://registry.npmjs.org/csstype/-/csstype-3.1.1.tgz",
      "integrity": "sha512-DJR/VvkAvSZW9bTouZue2sSxDwdTN92uHjqeKVm+0dAqdfNykRzQ95tay8aXMBAAPpUiq4Qcug2L7neoRh2Egw==",
      "dev": true
    },
    "node_modules/detect-libc": {
      "version": "2.1.2",
      "resolved": "https://registry.npmjs.org/detect-libc/-/detect-libc-2.1.2.tgz",
      "integrity": "sha512-Btj2BOOO83o3WyH59e8MgXsxEQVcarkUOpEYrubB0urwnN10yQ364rsiByU11nZlqWYZm05i/of7io4mzihBtQ==",
      "dev": true,
      "license": "Apache-2.0",
      "optional": true,
      "engines": {
        "node": ">=8"
      }
    },
    "node_modules/diff": {
      "version": "4.0.4",
      "resolved": "https://registry.npmjs.org/diff/-/diff-4.0.4.tgz",
      "integrity": "sha512-X07nttJQkwkfKfvTPG/KSnE2OMdcUCao6+eXF3wmnIQRn2aPAHH3VxDbDOdegkd6JbPsXqShpvEOHfAT+nCNwQ==",
      "dev": true,
      "engines": {
        "node": ">=0.3.1"
      }
    },
    "node_modules/immutable": {
      "version": "5.1.9",
      "resolved": "https://registry.npmjs.org/immutable/-/immutable-5.1.9.tgz",
      "integrity": "sha512-m8nVez3rwrgmWxtLMt1ZYXB2Lv7OKYn/disyxAlSDYAlKSlFoPPfIAmAM/M5xqL4m4C/wAPw7S2/CNaUii1Hxg==",
      "dev": true,
      "license": "MIT"
    },
    "node_modules/is-extglob": {
      "version": "2.1.1",
      "resolved": "https://registry.npmjs.org/is-extglob/-/is-extglob-2.1.1.tgz",
      "integrity": "sha512-SbKbANkN603Vi4jEZv49LeVJMn4yGwsbzZworEoyEiutsN3nJYdbO36zfhGJ6QEDpOZIFkDtnq5JRxmvl3jsoQ==",
      "dev": true,
      "license": "MIT",
      "optional": true,
      "engines": {
        "node": ">=0.10.0"
      }
    },
    "node_modules/is-glob": {
      "version": "4.0.3",
      "resolved": "https://registry.npmjs.org/is-glob/-/is-glob-4.0.3.tgz",
      "integrity": "sha512-xelSayHH36ZgE7ZWhli7pW34hNbNl8Ojv5KVmkJD4hBdD3th8Tfk9vYasLM+mXWOZhFkgZfxhLSnrwRr4elSSg==",
      "dev": true,
      "license": "MIT",
      "optional": true,
      "dependencies": {
        "is-extglob": "^2.1.1"
      },
      "engines": {
        "node": ">=0.10.0"
      }
    },
    "node_modules/js-tokens": {
      "version": "4.0.0",
      "resolved": "https://registry.npmjs.org/js-tokens/-/js-tokens-4.0.0.tgz",
      "integrity": "sha512-RdJUflcE3cUzKiMqQgsCu06FPu9UdIJO0beYbPhHN4k6apgJtifcoCtT9bcxOpYBtpD2kCM6Sbzg4CausW/PKQ==",
      "dev": true
    },
    "node_modules/json5": {
      "version": "2.2.3",
      "resolved": "https://registry.npmjs.org/json5/-/json5-2.2.3.tgz",
      "integrity": "sha512-XmOWe7eyHYH14cLdVPoyg+GOH3rYX++KpzrylJwSW98t3Nk+U8XOl8FWKOgwtzdb8lXGf6zYwDUzeHMWfxasyg==",
      "dev": true,
      "bin": {
        "json5": "lib/cli.js"
      },
      "engines": {
        "node": ">=6"
      }
    },
    "node_modules/loose-envify": {
      "version": "1.4.0",
      "resolved": "https://registry.npmjs.org/loose-envify/-/loose-envify-1.4.0.tgz",
      "integrity": "sha512-lyuxPGr/Wfhrlem2CL/UcnUc1zcqKAImBDzukY7Y5F/yQiNdko6+fRLevlw1HgMySw7f611UIY408EtxRSoK3Q==",
      "dev": true,
      "dependencies": {
        "js-tokens": "^3.0.0 || ^4.0.0"
      },
      "bin": {
        "loose-envify": "cli.js"
      }
    },
    "node_modules/make-error": {
      "version": "1.3.6",
      "resolved": "https://registry.npmjs.org/make-error/-/make-error-1.3.6.tgz",
      "integrity": "sha512-s8UhlNe7vPKomQhC1qFelMokr/Sc3AgNbso3n74mVPA5LTZwkB9NlXf4XPamLxJE8h0gh73rM94xvwRT2CVInw==",
      "dev": true
    },
    "node_modules/minimist": {
      "version": "1.2.7",
      "resolved": "https://registry.npmjs.org/minimist/-/minimist-1.2.7.tgz",
      "integrity": "sha512-bzfL1YUZsP41gmu/qjrEk0Q6i2ix/cVeAhbCbqH9u3zYutS1cLg00qhrD0M2MVdCcx4Sc0UpP2eBWo9rotpq6g==",
      "dev": true,
      "funding": {
        "url": "https://github.com/sponsors/ljharb"
      }
    },
    "node_modules/mobx": {
      "version": "6.16.1",
      "resolved": "https://registry.npmjs.org/mobx/-/mobx-6.16.1.tgz",
      "integrity": "sha512-syNcDdX3KT+Jq3je6eGjBhuc24Z68td2VG0zNFqRswaE433D9SNH5VRy/xrGbJsUixfppLLccXhAW9JSf6n+SQ==",
      "dev": true,
      "funding": {
        "type": "opencollective",
        "url": "https://opencollective.com/mobx"
      }
    },
    "node_modules/mobx-react": {
      "version": "7.6.0",
      "resolved": "https://registry.npmjs.org/mobx-react/-/mobx-react-7.6.0.tgz",
      "integrity": "sha512-+HQUNuh7AoQ9ZnU6c4rvbiVVl+wEkb9WqYsVDzGLng+Dqj1XntHu79PvEWKtSMoMj67vFp/ZPXcElosuJO8ckA==",
      "dev": true,
      "dependencies": {
        "mobx-react-lite": "^3.4.0"
      },
      "funding": {
        "type": "opencollective",
        "url": "https://opencollective.com/mobx"
      },
      "peerDependencies": {
        "mobx": "^6.1.0",
        "react": "^16.8.0 || ^17 || ^18"
      },
      "peerDependenciesMeta": {
        "react-dom": {
          "optional": true
        },
        "react-native": {
          "optional": true
        }
      }
    },
    "node_modules/mobx-react-lite": {
      "version": "3.4.3",
      "resolved": "https://registry.npmjs.org/mobx-react-lite/-/mobx-react-lite-3.4.3.tgz",
      "integrity": "sha512-NkJREyFTSUXR772Qaai51BnE1voWx56LOL80xG7qkZr6vo8vEaLF3sz1JNUVh+rxmUzxYaqOhfuxTfqUh0FXUg==",
      "dev": true,
      "funding": {
        "type": "opencollective",
        "url": "https://opencollective.com/mobx"
      },
      "peerDependencies": {
        "mobx": "^6.1.0",
        "react": "^16.8.0 || ^17 || ^18"
      },
      "peerDependenciesMeta": {
        "react-dom": {
          "optional": true
        },
        "react-native": {
          "optional": true
        }
      }
    },
    "node_modules/node-addon-api": {
      "version": "7.1.1",
      "resolved": "https://registry.npmjs.org/node-addon-api/-/node-addon-api-7.1.1.tgz",
      "integrity": "sha512-5m3bsyrjFWE1xf7nz7YXdN4udnVtXK6/Yfgn5qnahL6bCkf2yKt4k3nuTKAtT4r3IG8JNR2ncsIMdZuAzJjHQQ==",
      "dev": true,
      "license": "MIT",
      "optional": true
    },
    "node_modules/picomatch": {
      "version": "4.0.7",
      "resolved": "https://registry.npmjs.org/picomatch/-/picomatch-4.0.7.tgz",
      "integrity": "sha512-qcJu88Q2IWqJsDD529JKMdwGm/dvInW4HvQnRwiH9JtihJvzGOscDtHE3x1pBKeUOTysQ8kVmLnJ2kJu7yhcGA==",
      "dev": true,
      "license": "MIT",
      "optional": true,
      "engines": {
        "node": ">=12"
      },
      "funding": {
        "url": "https://github.com/sponsors/jonschlinkert"
      }
    },
    "node_modules/react": {
      "version": "18.2.0",
      "resolved": "https://registry.npmjs.org/react/-/react-18.2.0.tgz",
      "integrity": "sha512-/3IjMdb2L9QbBdWiW5e3P2/npwMBaU9mHCSCUzNln0ZCYbcfTsGbTJrU/kGemdH2IWmB2ioZ+zkxtmq6g09fGQ==",
      "dev": true,
      "dependencies": {
        "loose-envify": "^1.1.0"
      },
      "engines": {
        "node": ">=0.10.0"
      }
    },
    "node_modules/react-dom": {
      "version": "18.2.0",
      "resolved": "https://registry.npmjs.org/react-dom/-/react-dom-18.2.0.tgz",
      "integrity": "sha512-6IMTriUmvsjHUjNtEDudZfuDQUoWXVxKHhlEGSk81n4YFS+r/Kl99wXiwlVXtPBtJenozv2P+hxDsw9eA7Xo6g==",
      "dev": true,
      "dependencies": {
        "loose-envify": "^1.1.0",
        "scheduler": "^0.23.0"
      },
      "peerDependencies": {
        "react": "^18.2.0"
      }
    },
    "node_modules/readdirp": {
      "version": "5.1.1",
      "resolved": "https://registry.npmjs.org/readdirp/-/readdirp-5.1.1.tgz",
      "integrity": "sha512-Kko+Y5XQ6fM+Ce3dq3m9YGxnacYZYl9cA1wZjaF3Vbry2L3i1qVg8+CAgNPsXRArPMUMCaOR7oa9Nqntc43JKA==",
      "dev": true,
      "license": "MIT",
      "engines": {
        "node": ">= 20.19.0"
      },
      "funding": {
        "type": "individual",
        "url": "https://paulmillr.com/funding/"
      }
    },
    "node_modules/sass": {
      "version": "1.104.1",
      "resolved": "https://registry.npmjs.org/sass/-/sass-1.104.1.tgz",
      "integrity": "sha512-yDA+1aIG3EHgN4V/BvuhCvu61FF6hEd4e+9DxikUm9U0CAGuvdIZ/UYy7qbOxjhbbWQraoyLlMuzdRGOSV5Bmw==",
      "dev": true,
      "license": "MIT",
      "dependencies": {
        "chokidar": "^5.0.0",
        "immutable": "^5.1.5",
        "source-map-js": ">=0.6.2 <2.0.0"
      },
      "bin": {
        "sass": "sass.js"
      },
      "engines": {
        "node": ">=20.19.0"
      },
      "optionalDependencies": {
        "@parcel/watcher": "^2.4.1"
      }
    },
    "node_modules/scheduler": {
      "version": "0.23.0",
      "resolved": "https://registry.npmjs.org/scheduler/-/scheduler-0.23.0.tgz",
      "integrity": "sha512-CtuThmgHNg7zIZWAXi3AsyIzA3n4xx7aNyjwC2VJldO2LMVDhFK+63xGqq6CsJH4rTAt6/M+N4GhZiDYPx9eUw==",
      "dev": true,
      "dependencies": {
        "loose-envify": "^1.1.0"
      }
    },
    "node_modules/source-map-js": {
      "version": "1.0.2",
      "resolved": "https://registry.npmjs.org/source-map-js/-/source-map-js-1.0.2.tgz",
      "integrity": "sha512-R0XvVJ9WusLiqTCEiGCmICCMplcCkIwwR11mOSD9CR5u+IXYdiseeEuXCVAjS54zqwkLcPNnmU4OeJ6tUrWhDw==",
      "dev": true,
      "engines": {
        "node": ">=0.10.0"
      }
    },
    "node_modules/strip-bom": {
      "version": "3.0.0",
      "resolved": "https://registry.npmjs.org/strip-bom/-/strip-bom-3.0.0.tgz",
      "integrity": "sha512-vavAMRXOgBVNF6nyEEmL3DBK19iRpDcoIwW+swQ+CbGiu7lju6t+JklA1MHweoWtadgt4ISVUsXLyDq34ddcwA==",
      "dev": true,
      "engines": {
        "node": ">=4"
      }
    },
    "node_modules/ts-node": {
      "version": "10.9.2",
      "resolved": "https://registry.npmjs.org/ts-node/-/ts-node-10.9.2.tgz",
      "integrity": "sha512-f0FFpIdcHgn8zcPSbf1dRevwt047YMnaiJM3u2w2RewrB+fob/zePZcrOyQoLMMO7aBIddLcQIEK5dYjkLnGrQ==",
      "dev": true,
      "dependencies": {
        "@cspotcode/source-map-support": "^0.8.0",
        "@tsconfig/node10": "^1.0.7",
        "@tsconfig/node12": "^1.0.7",
        "@tsconfig/node14": "^1.0.0",
        "@tsconfig/node16": "^1.0.2",
        "acorn": "^8.4.1",
        "acorn-walk": "^8.1.1",
        "arg": "^4.1.0",
        "create-require": "^1.1.0",
        "diff": "^4.0.1",
        "make-error": "^1.1.1",
        "v8-compile-cache-lib": "^3.0.1",
        "yn": "3.1.1"
      },
      "bin": {
        "ts-node": "dist/bin.js",
        "ts-node-cwd": "dist/bin-cwd.js",
        "ts-node-esm": "dist/bin-esm.js",
        "ts-node-script": "dist/bin-script.js",
        "ts-node-transpile-only": "dist/bin-transpile.js",
        "ts-script": "dist/bin-script-deprecated.js"
      },
      "peerDependencies": {
        "@swc/core": ">=1.2.50",
        "@swc/wasm": ">=1.2.50",
        "@types/node": "*",
        "typescript": ">=2.7"
      },
      "peerDependenciesMeta": {
        "@swc/core": {
          "optional": true
        },
        "@swc/wasm": {
          "optional": true
        }
      }
    },
    "node_modules/tsconfig-paths": {
      "version": "4.2.0",
      "resolved": "https://registry.npmjs.org/tsconfig-paths/-/tsconfig-paths-4.2.0.tgz",
      "integrity": "sha512-NoZ4roiN7LnbKn9QqE1amc9DJfzvZXxF4xDavcOWt1BPkdx+m+0gJuPM+S0vCe7zTJMYUP0R8pO2XMr+Y8oLIg==",
      "dev": true,
      "dependencies": {
        "json5": "^2.2.2",
        "minimist": "^1.2.6",
        "strip-bom": "^3.0.0"
      },
      "engines": {
        "node": ">=6"
      }
    },
    "node_modules/typescript": {
      "version": "5.9.3",
      "resolved": "https://registry.npmjs.org/typescript/-/typescript-5.9.3.tgz",
      "integrity": "sha512-jl1vZzPDinLr9eUt3J/t7V6FgNEw9QjvBPdysz9KfQDD41fQrC2Y4vKQdiaUpFT4bXlb1RHhLpp8wtm6M5TgSw==",
      "dev": true,
      "bin": {
        "tsc": "bin/tsc",
        "tsserver": "bin/tsserver"
      },
      "engines": {
        "node": ">=14.17"
      }
    },
    "node_modules/undici-types": {
      "version": "6.21.0",
      "resolved": "https://registry.npmjs.org/undici-types/-/undici-types-6.21.0.tgz",
      "integrity": "sha512-iwDZqg0QAGrg9Rav5H4n0M64c3mkR59cJ6wQp+7C4nI0gsmExaedaYLNO44eT4AtBBwjbTiGPMlt2Md0T9H9JQ==",
      "dev": true
    },
    "node_modules/v8-compile-cache-lib": {
      "version": "3.0.1",
      "resolved": "https://registry.npmjs.org/v8-compile-cache-lib/-/v8-compile-cache-lib-3.0.1.tgz",
      "integrity": "sha512-wa7YjyUGfNZngI/vtK0UHAN+lgDCxBPCylVXGp0zu59Fz5aiGtNXaq3DhIov063MorB+VfufLh3JlF2KdTK3xg==",
      "dev": true
    },
    "node_modules/yn": {
      "version": "3.1.1",
      "resolved": "https://registry.npmjs.org/yn/-/yn-3.1.1.tgz",
      "integrity": "sha512-Ux4ygGWsu2c7isFWe8Yu1YluJmqVhxqK2cLXNQA5AcC3QfbGNpM7fu0Y8b/z16pXLnFxZYvWhd3fhBY9DLmC6Q==",
      "dev": true,
      "engines": {
        "node": ">=6"
      }
    }
  },
  "dependencies": {
    "@cspotcode/source-map-support": {
      "version": "0.8.1",
      "resolved": "https://registry.npmjs.org/@cspotcode/source-map-support/-/source-map-support-0.8.1.tgz",
      "integrity": "sha512-IchNf6dN4tHoMFIn/7OE8LWZ19Y6q/67Bmf6vnGREv8RSbBVb9LPJxEcnwrcwX6ixSvaiGoomAUvu4YSxXrVgw==",
      "dev": true,
      "requires": {
        "@jridgewell/trace-mapping": "0.3.9"
      }
    },
    "@jridgewell/resolve-uri": {
      "version": "3.1.0",
      "resolved": "https://registry.npmjs.org/@jridgewell/resolve-uri/-/resolve-uri-3.1.0.tgz",
      "integrity": "sha512-F2msla3tad+Mfht5cJq7LSXcdudKTWCVYUgw6pLFOOHSTtZlj6SWNYAp+AhuqLmWdBO2X5hPrLcu8cVP8fy28w==",
      "dev": true
    },
    "@jridgewell/sourcemap-codec": {
      "version": "1.4.14",
      "resolved": "https://registry.npmjs.org/@jridgewell/sourcemap-codec/-/sourcemap-codec-1.4.14.tgz",
      "integrity": "sha512-XPSJHWmi394fuUuzDnGz1wiKqWfo1yXecHQMRf2l6hztTO+nPru658AyDngaBe7isIxEkRsPR3FZh+s7iVa4Uw==",
      "dev": true
    },
    "@jridgewell/trace-mapping": {
      "version": "0.3.9",
      "resolved": "https://registry.npmjs.org/@jridgewell/trace-mapping/-/trace-mapping-0.3.9.tgz",
      "integrity": "sha512-3Belt6tdc8bPgAtbcmdtNJlirVoTmEb5e2gC94PnkwEW9jI6CAHUeoG85tjWP5WquqfavoMtMwiG4P926ZKKuQ==",
      "dev": true,
      "requires": {
        "@jridgewell/resolve-uri": "^3.0.3",
        "@jridgewell/sourcemap-codec": "^1.4.10"
      }
    },
    "@parcel/watcher": {
      "version": "2.6.0",
      "resolved": "https://registry.npmjs.org/@parcel/watcher/-/watcher-2.6.0.tgz",
      "integrity": "sha512-7FNeNl8NCE7aINx7WXiKQrPYZWC/hvrTsmk6zmxbI7LTXE7hVek/n8AfVgpe2y82zl3w0HvCHN0bVKMBoJcC0w==",
      "dev": true,
      "optional": true,
      "requires": {
        "@parcel/watcher-android-arm64": "2.6.0",
        "@parcel/watcher-darwin-arm64": "2.6.0",
        "@parcel/watcher-darwin-x64": "2.6.0",
        "@parcel/watcher-freebsd-x64": "2.6.0",
        "@parcel/watcher-linux-arm-glibc": "2.6.0",
        "@parcel/watcher-linux-arm-musl": "2.6.0",
        "@parcel/watcher-linux-arm64-glibc": "2.6.0",
        "@parcel/watcher-linux-arm64-musl": "2.6.0",
        "@parcel/watcher-linux-x64-glibc": "2.6.0",
        "@parcel/watcher-linux-x64-musl": "2.6.0",
        "@parcel/watcher-win32-arm64": "2.6.0",
        "@parcel/watcher-win32-x64": "2.6.0",
        "detect-libc": "^2.0.3",
        "is-glob": "^4.0.3",
        "node-addon-api": "^7.0.0",
        "picomatch": "^4.0.4"
      }
    },
    "@parcel/watcher-android-arm64": {
      "version": "2.6.0",
      "resolved": "https://registry.npmjs.org/@parcel/watcher-android-arm64/-/watcher-android-arm64-2.6.0.tgz",
      "integrity": "sha512-trgpLSCKRC/huFjXX/Smh+0sWe4+YtKfktIToiMl59ghz7z+qkH6kMvNnUbLyRs9N11t8l4svSCs1+5B3rOAhA==",
      "dev": true,
      "optional": true
    },
    "@parcel/watcher-darwin-arm64": {
      "version": "2.6.0",
      "resolved": "https://registry.npmjs.org/@parcel/watcher-darwin-arm64/-/watcher-darwin-arm64-2.6.0.tgz",
      "integrity": "sha512-Y3QV0gl7Q1zbfueunkWIERICbEojQFCgpyG7YqOGNFLsckXyI1xu9mAIUpKY9QBYzBtSkN8dBPwd3yiAO9ovMw==",
      "dev": true,
      "optional": true
    },
    "@parcel/watcher-darwin-x64": {
      "version": "2.6.0",
      "resolved": "https://registry.npmjs.org/@parcel/watcher-darwin-x64/-/watcher-darwin-x64-2.6.0.tgz",
      "integrity": "sha512-Ohv6OpzhUfKYD7Beb8kDvG0jbIxORCYY1JRdZnaBtnjjkJxgD7ZVL0nw2sCYd0yTMKTvz3nnTnOF3cDifK+kvw==",
      "dev": true,
      "optional": true
    },
    "@parcel/watcher-freebsd-x64": {
      "version": "2.6.0",
      "resolved": "https://registry.npmjs.org/@parcel/watcher-freebsd-x64/-/watcher-freebsd-x64-2.6.0.tgz",
      "integrity": "sha512-5HmXvDgs8VK+74jF9y9/2FE3/OnlcKmc56tjmSrEuZjpSZOGL+fvAu+HKJBdPs9uwoP2hE6TlSUpXZ/C5jUFmQ==",
      "dev": true,
      "optional": true
    },
    "@parcel/watcher-linux-arm-glibc": {
      "version": "2.6.0",
      "resolved": "https://registry.npmjs.org/@parcel/watcher-linux-arm-glibc/-/watcher-linux-arm-glibc-2.6.0.tgz",
      "integrity": "sha512-Ps/hui3A+vMbjdqlqAowK2ZL8+BO8dBjxeWXj6npTBs3jx4wWmbPpaLuqwrQrSqIVMCnpWo238bJ1U37GhQOYg==",
      "dev": true,
      "optional": true
    },
    "@parcel/watcher-linux-arm-musl": {
      "version": "2.6.0",
      "resolved": "https://registry.npmjs.org/@parcel/watcher-linux-arm-musl/-/watcher-linux-arm-musl-2.6.0.tgz",
      "integrity": "sha512-9c6AUHgHoG+IY88MRIHupztQiQnrbqHYQjkM2btA+Bf/wQnQMuiD0Wfk1EVv3TlNT3x41uU71rn6E4xh/+zvkw==",
      "dev": true,
      "optional": true
    },
    "@parcel/watcher-linux-arm64-glibc": {
      "version": "2.6.0",
      "resolved": "https://registry.npmjs.org/@parcel/watcher-linux-arm64-glibc/-/watcher-linux-arm64-glibc-2.6.0.tgz",
      "integrity": "sha512-yHRqS2owEXe6Hic9z6Mh1ECsCd+ODVOGvZDyciqRd21+v+o+DnXMOrw50DSpIG2sb8GPEaPPmfeCAWKPJdq46g==",
      "dev": true,
      "optional": true
    },
    "@parcel/watcher-linux-arm64-musl": {
      "version": "2.6.0",
      "resolved": "https://registry.npmjs.org/@parcel/watcher-linux-arm64-musl/-/watcher-linux-arm64-musl-2.6.0.tgz",
      "integrity": "sha512-WhB2e/V7rqdHHWZusBSPuy5Ei8S6lSz6FE5TKKQz5h3a0O+C+mhY7vxU9b/stqvMb8beLnPY82ZrFTLKs+SrKA==",
      "dev": true,
      "optional": true
    },
    "@parcel/watcher-linux-x64-glibc": {
      "version": "2.6.0",
      "resolved": "https://registry.npmjs.org/@parcel/watcher-linux-x64-glibc/-/watcher-linux-x64-glibc-2.6.0.tgz",
      "integrity": "sha512-ulGE6x6Oz6iAwg75T8YQSoguBWasniIbX+QWpaYPcCnDOpdWX3k+4xbEYPZVLxOuoJI+svJJPD3sEj8G7lrQ3A==",
      "dev": true,
      "optional": true
    },
    "@parcel/watcher-linux-x64-musl": {
      "version": "2.6.0",
      "resolved": "https://registry.npmjs.org/@parcel/watcher-linux-x64-musl/-/watcher-linux-x64-musl-2.6.0.tgz",
      "integrity": "sha512-tkBYKt7YQrjIJWYDnto2YgO8MRkjlMTSNoRHzsXinBqbLdeOM3L32wPZJvIZxqaLMfSlS/4sUjH/6STVP/XDLw==",
      "dev": true,
      "optional": true
    },
    "@parcel/watcher-win32-arm64": {
      "version": "2.6.0",
      "resolved": "https://registry.npmjs.org/@parcel/watcher-win32-arm64/-/watcher-win32-arm64-2.6.0.tgz",
      "integrity": "sha512-gIZAP23jaHjGWasY/TY6yL7NHFClf0Ga7FN+iINvk+KN94rhm94lYZhFsbYFNcA04/onvGD9kKmiJLJB2HbNwQ==",
      "dev": true,
      "optional": true
    },
    "@parcel/watcher-win32-x64": {
      "version": "2.6.0",
      "resolved": "https://registry.npmjs.org/@parcel/watcher-win32-x64/-/watcher-win32-x64-2.6.0.tgz",
      "integrity": "sha512-cA+/pXV2YkfxlIcXOQ5fSWqAzzPyD78/x5qbK/I0vUkrlYHA8TIz+MXjAbGouguKVSI4bOmkTSJ1/poVSsgt+A==",
      "dev": true,
      "optional": true
    },
    "@tsconfig/node10": {
      "version": "1.0.9",
      "resolved": "https://registry.npmjs.org/@tsconfig/node10/-/node10-1.0.9.tgz",
      "integrity": "sha512-jNsYVVxU8v5g43Erja32laIDHXeoNvFEpX33OK4d6hljo3jDhCBDhx5dhCCTMWUojscpAagGiRkBKxpdl9fxqA==",
      "dev": true
    },
    "@tsconfig/node12": {
      "version": "1.0.11",
      "resolved": "https://registry.npmjs.org/@tsconfig/node12/-/node12-1.0.11.tgz",
      "integrity": "sha512-cqefuRsh12pWyGsIoBKJA9luFu3mRxCA+ORZvA4ktLSzIuCUtWVxGIuXigEwO5/ywWFMZ2QEGKWvkZG1zDMTag==",
      "dev": true
    },
    "@tsconfig/node14": {
      "version": "1.0.3",
      "resolved": "https://registry.npmjs.org/@tsconfig/node14/-/node14-1.0.3.tgz",
      "integrity": "sha512-ysT8mhdixWK6Hw3i1V2AeRqZ5WfXg1G43mqoYlM2nc6388Fq5jcXyr5mRsqViLx/GJYdoL0bfXD8nmF+Zn/Iow==",
      "dev": true
    },
    "@tsconfig/node16": {
      "version": "1.0.3",
      "resolved": "https://registry.npmjs.org/@tsconfig/node16/-/node16-1.0.3.tgz",
      "integrity": "sha512-yOlFc+7UtL/89t2ZhjPvvB/DeAr3r+Dq58IgzsFkOAvVC6NMJXmCGjbptdXdR9qsX7pKcTL+s87FtYREi2dEEQ==",
      "dev": true
    },
    "@types/node": {
      "version": "20.19.43",
      "resolved": "https://registry.npmjs.org/@types/node/-/node-20.19.43.tgz",
      "integrity": "sha512-6oYBAi5ikg4Pl+kGsoYtawUMBT2zZMCvPNF7pVLnHZfd1zf38DRiWn/gT01RYCdUqkv7Fhr+C9ot4/tb+2sVvA==",
      "dev": true,
      "requires": {
        "undici-types": "~6.21.0"
      }
    },
    "@types/prop-types": {
      "version": "15.7.5",
      "resolved": "https://registry.npmjs.org/@types/prop-types/-/prop-types-15.7.5.tgz",
      "integrity": "sha512-JCB8C6SnDoQf0cNycqd/35A7MjcnK+ZTqE7judS6o7utxUCg6imJg3QK2qzHKszlTjcj2cn+NwMB2i96ubpj7w==",
      "dev": true
    },
    "@types/react": {
      "version": "18.0.25",
      "resolved": "https://registry.npmjs.org/@types/react/-/react-18.0.25.tgz",
      "integrity": "sha512-xD6c0KDT4m7n9uD4ZHi02lzskaiqcBxf4zi+tXZY98a04wvc0hi/TcCPC2FOESZi51Nd7tlUeOJY8RofL799/g==",
      "dev": true,
      "requires": {
        "@types/prop-types": "*",
        "@types/scheduler": "*",
        "csstype": "^3.0.2"
      }
    },
    "@types/react-dom": {
      "version": "18.0.8",
      "resolved": "https://registry.npmjs.org/@types/react-dom/-/react-dom-18.0.8.tgz",
      "integrity": "sha512-C3GYO0HLaOkk9dDAz3Dl4sbe4AKUGTCfFIZsz3n/82dPNN8Du533HzKatDxeUYWu24wJgMP1xICqkWk1YOLOIw==",
      "dev": true,
      "requires": {
        "@types/react": "*"
      }
    },
    "@types/scheduler": {
      "version": "0.16.2",
      "resolved": "https://registry.npmjs.org/@types/scheduler/-/scheduler-0.16.2.tgz",
      "integrity": "sha512-hppQEBDmlwhFAXKJX2KnWLYu5yMfi91yazPb2l+lbJiwW+wdo1gNeRA+3RgNSO39WYX2euey41KEwnqesU2Jew==",
      "dev": true
    },
    "acorn": {
      "version": "8.8.1",
      "resolved": "https://registry.npmjs.org/acorn/-/acorn-8.8.1.tgz",
      "integrity": "sha512-7zFpHzhnqYKrkYdUjF1HI1bzd0VygEGX8lFk4k5zVMqHEoES+P+7TKI+EvLO9WVMJ8eekdO0aDEK044xTXwPPA==",
      "dev": true
    },
    "acorn-walk": {
      "version": "8.2.0",
      "resolved": "https://registry.npmjs.org/acorn-walk/-/acorn-walk-8.2.0.tgz",
      "integrity": "sha512-k+iyHEuPgSw6SbuDpGQM+06HQUa04DZ3o+F6CSzXMvvI5KMvnaEqXe+YVe555R9nn6GPt404fos4wcgpw12SDA==",
      "dev": true
    },
    "arg": {
      "version": "4.1.3",
      "resolved": "https://registry.npmjs.org/arg/-/arg-4.1.3.tgz",
      "integrity": "sha512-58S9QDqG0Xx27YwPSt9fJxivjYl432YCwfDMfZ+71RAqUrZef7LrKQZ3LHLOwCS4FLNBplP533Zx895SeOCHvA==",
      "dev": true
    },
    "chokidar": {
      "version": "5.0.0",
      "resolved": "https://registry.npmjs.org/chokidar/-/chokidar-5.0.0.tgz",
      "integrity": "sha512-TQMmc3w+5AxjpL8iIiwebF73dRDF4fBIieAqGn9RGCWaEVwQ6Fb2cGe31Yns0RRIzii5goJ1Y7xbMwo1TxMplw==",
      "dev": true,
      "requires": {
        "readdirp": "^5.0.0"
      }
    },
    "create-require": {
      "version": "1.1.1",
      "resolved": "https://registry.npmjs.org/create-require/-/create-require-1.1.1.tgz",
      "integrity": "sha512-dcKFX3jn0MpIaXjisoRvexIJVEKzaq7z2rZKxf+MSr9TkdmHmsU4m2lcLojrj/FHl8mk5VxMmYA+ftRkP/3oKQ==",
      "dev": true
    },
    "csstype": {
      "version": "3.1.1",
      "resolved": "https://registry.npmjs.org/csstype/-/csstype-3.1.1.tgz",
      "integrity": "sha512-DJR/VvkAvSZW9bTouZue2sSxDwdTN92uHjqeKVm+0dAqdfNykRzQ95tay8aXMBAAPpUiq4Qcug2L7neoRh2Egw==",
      "dev": true
    },
    "detect-libc": {
      "version": "2.1.2",
      "resolved": "https://registry.npmjs.org/detect-libc/-/detect-libc-2.1.2.tgz",
      "integrity": "sha512-Btj2BOOO83o3WyH59e8MgXsxEQVcarkUOpEYrubB0urwnN10yQ364rsiByU11nZlqWYZm05i/of7io4mzihBtQ==",
      "dev": true,
      "optional": true
    },
    "diff": {
      "version": "4.0.4",
      "resolved": "https://registry.npmjs.org/diff/-/diff-4.0.4.tgz",
      "integrity": "sha512-X07nttJQkwkfKfvTPG/KSnE2OMdcUCao6+eXF3wmnIQRn2aPAHH3VxDbDOdegkd6JbPsXqShpvEOHfAT+nCNwQ==",
      "dev": true
    },
    "immutable": {
      "version": "5.1.9",
      "resolved": "https://registry.npmjs.org/immutable/-/immutable-5.1.9.tgz",
      "integrity": "sha512-m8nVez3rwrgmWxtLMt1ZYXB2Lv7OKYn/disyxAlSDYAlKSlFoPPfIAmAM/M5xqL4m4C/wAPw7S2/CNaUii1Hxg==",
      "dev": true
    },
    "is-extglob": {
      "version": "2.1.1",
      "resolved": "https://registry.npmjs.org/is-extglob/-/is-extglob-2.1.1.tgz",
      "integrity": "sha512-SbKbANkN603Vi4jEZv49LeVJMn4yGwsbzZworEoyEiutsN3nJYdbO36zfhGJ6QEDpOZIFkDtnq5JRxmvl3jsoQ==",
      "dev": true,
      "optional": true
    },
    "is-glob": {
      "version": "4.0.3",
      "resolved": "https://registry.npmjs.org/is-glob/-/is-glob-4.0.3.tgz",
      "integrity": "sha512-xelSayHH36ZgE7ZWhli7pW34hNbNl8Ojv5KVmkJD4hBdD3th8Tfk9vYasLM+mXWOZhFkgZfxhLSnrwRr4elSSg==",
      "dev": true,
      "optional": true,
      "requires": {
        "is-extglob": "^2.1.1"
      }
    },
    "js-tokens": {
      "version": "4.0.0",
      "resolved": "https://registry.npmjs.org/js-tokens/-/js-tokens-4.0.0.tgz",
      "integrity": "sha512-RdJUflcE3cUzKiMqQgsCu06FPu9UdIJO0beYbPhHN4k6apgJtifcoCtT9bcxOpYBtpD2kCM6Sbzg4CausW/PKQ==",
      "dev": true
    },
    "json5": {
      "version": "2.2.3",
      "resolved": "https://registry.npmjs.org/json5/-/json5-2.2.3.tgz",
      "integrity": "sha512-XmOWe7eyHYH14cLdVPoyg+GOH3rYX++KpzrylJwSW98t3Nk+U8XOl8FWKOgwtzdb8lXGf6zYwDUzeHMWfxasyg==",
      "dev": true
    },
    "loose-envify": {
      "version": "1.4.0",
      "resolved": "https://registry.npmjs.org/loose-envify/-/loose-envify-1.4.0.tgz",
      "integrity": "sha512-lyuxPGr/Wfhrlem2CL/UcnUc1zcqKAImBDzukY7Y5F/yQiNdko6+fRLevlw1HgMySw7f611UIY408EtxRSoK3Q==",
      "dev": true,
      "requires": {
        "js-tokens": "^3.0.0 || ^4.0.0"
      }
    },
    "make-error": {
      "version": "1.3.6",
      "resolved": "https://registry.npmjs.org/make-error/-/make-error-1.3.6.tgz",
      "integrity": "sha512-s8UhlNe7vPKomQhC1qFelMokr/Sc3AgNbso3n74mVPA5LTZwkB9NlXf4XPamLxJE8h0gh73rM94xvwRT2CVInw==",
      "dev": true
    },
    "minimist": {
      "version": "1.2.7",
      "resolved": "https://registry.npmjs.org/minimist/-/minimist-1.2.7.tgz",
      "integrity": "sha512-bzfL1YUZsP41gmu/qjrEk0Q6i2ix/cVeAhbCbqH9u3zYutS1cLg00qhrD0M2MVdCcx4Sc0UpP2eBWo9rotpq6g==",
      "dev": true
    },
    "mobx": {
      "version": "6.16.1",
      "resolved": "https://registry.npmjs.org/mobx/-/mobx-6.16.1.tgz",
      "integrity": "sha512-syNcDdX3KT+Jq3je6eGjBhuc24Z68td2VG0zNFqRswaE433D9SNH5VRy/xrGbJsUixfppLLccXhAW9JSf6n+SQ==",
      "dev": true
    },
    "mobx-react": {
      "version": "7.6.0",
      "resolved": "https://registry.npmjs.org/mobx-react/-/mobx-react-7.6.0.tgz",
      "integrity": "sha512-+HQUNuh7AoQ9ZnU6c4rvbiVVl+wEkb9WqYsVDzGLng+Dqj1XntHu79PvEWKtSMoMj67vFp/ZPXcElosuJO8ckA==",
      "dev": true,
      "requires": {
        "mobx-react-lite": "^3.4.0"
      }
    },
    "mobx-react-lite": {
      "version": "3.4.3",
      "resolved": "https://registry.npmjs.org/mobx-react-lite/-/mobx-react-lite-3.4.3.tgz",
      "integrity": "sha512-NkJREyFTSUXR772Qaai51BnE1voWx56LOL80xG7qkZr6vo8vEaLF3sz1JNUVh+rxmUzxYaqOhfuxTfqUh0FXUg==",
      "dev": true,
      "requires": {}
    },
    "node-addon-api": {
      "version": "7.1.1",
      "resolved": "https://registry.npmjs.org/node-addon-api/-/node-addon-api-7.1.1.tgz",
      "integrity": "sha512-5m3bsyrjFWE1xf7nz7YXdN4udnVtXK6/Yfgn5qnahL6bCkf2yKt4k3nuTKAtT4r3IG8JNR2ncsIMdZuAzJjHQQ==",
      "dev": true,
      "optional": true
    },
    "picomatch": {
      "version": "4.0.7",
      "resolved": "https://registry.npmjs.org/picomatch/-/picomatch-4.0.7.tgz",
      "integrity": "sha512-qcJu88Q2IWqJsDD529JKMdwGm/dvInW4HvQnRwiH9JtihJvzGOscDtHE3x1pBKeUOTysQ8kVmLnJ2kJu7yhcGA==",
      "dev": true,
      "optional": true
    },
    "react": {
      "version": "18.2.0",
      "resolved": "https://registry.npmjs.org/react/-/react-18.2.0.tgz",
      "integrity": "sha512-/3IjMdb2L9QbBdWiW5e3P2/npwMBaU9mHCSCUzNln0ZCYbcfTsGbTJrU/kGemdH2IWmB2ioZ+zkxtmq6g09fGQ==",
      "dev": true,
      "requires": {
        "loose-envify": "^1.1.0"
      }
    },
    "react-dom": {
      "version": "18.2.0",
      "resolved": "https://registry.npmjs.org/react-dom/-/react-dom-18.2.0.tgz",
      "integrity": "sha512-6IMTriUmvsjHUjNtEDudZfuDQUoWXVxKHhlEGSk81n4YFS+r/Kl99wXiwlVXtPBtJenozv2P+hxDsw9eA7Xo6g==",
      "dev": true,
      "requires": {
        "loose-envify": "^1.1.0",
        "scheduler": "^0.23.0"
      }
    },
    "readdirp": {
      "version": "5.1.1",
      "resolved": "https://registry.npmjs.org/readdirp/-/readdirp-5.1.1.tgz",
      "integrity": "sha512-Kko+Y5XQ6fM+Ce3dq3m9YGxnacYZYl9cA1wZjaF3Vbry2L3i1qVg8+CAgNPsXRArPMUMCaOR7oa9Nqntc43JKA==",
      "dev": true
    },
    "sass": {
      "version": "1.104.1",
      "resolved": "https://registry.npmjs.org/sass/-/sass-1.104.1.tgz",
      "integrity": "sha512-yDA+1aIG3EHgN4V/BvuhCvu61FF6hEd4e+9DxikUm9U0CAGuvdIZ/UYy7qbOxjhbbWQraoyLlMuzdRGOSV5Bmw==",
      "dev": true,
      "requires": {
        "@parcel/watcher": "^2.4.1",
        "chokidar": "^5.0.0",
        "immutable": "^5.1.5",
        "source-map-js": ">=0.6.2 <2.0.0"
      }
    },
    "scheduler": {
      "version": "0.23.0",
      "resolved": "https://registry.npmjs.org/scheduler/-/scheduler-0.23.0.tgz",
      "integrity": "sha512-CtuThmgHNg7zIZWAXi3AsyIzA3n4xx7aNyjwC2VJldO2LMVDhFK+63xGqq6CsJH4rTAt6/M+N4GhZiDYPx9eUw==",
      "dev": true,
      "requires": {
        "loose-envify": "^1.1.0"
      }
    },
    "source-map-js": {
      "version": "1.0.2",
      "resolved": "https://registry.npmjs.org/source-map-js/-/source-map-js-1.0.2.tgz",
      "integrity": "sha512-R0XvVJ9WusLiqTCEiGCmICCMplcCkIwwR11mOSD9CR5u+IXYdiseeEuXCVAjS54zqwkLcPNnmU4OeJ6tUrWhDw==",
      "dev": true
    },
    "strip-bom": {
      "version": "3.0.0",
      "resolved": "https://registry.npmjs.org/strip-bom/-/strip-bom-3.0.0.tgz",
      "integrity": "sha512-vavAMRXOgBVNF6nyEEmL3DBK19iRpDcoIwW+swQ+CbGiu7lju6t+JklA1MHweoWtadgt4ISVUsXLyDq34ddcwA==",
      "dev": true
    },
    "ts-node": {
      "version": "10.9.2",
      "resolved": "https://registry.npmjs.org/ts-node/-/ts-node-10.9.2.tgz",
      "integrity": "sha512-f0FFpIdcHgn8zcPSbf1dRevwt047YMnaiJM3u2w2RewrB+fob/zePZcrOyQoLMMO7aBIddLcQIEK5dYjkLnGrQ==",
      "dev": true,
      "requires": {
        "@cspotcode/source-map-support": "^0.8.0",
        "@tsconfig/node10": "^1.0.7",
        "@tsconfig/node12": "^1.0.7",
        "@tsconfig/node14": "^1.0.0",
        "@tsconfig/node16": "^1.0.2",
        "acorn": "^8.4.1",
        "acorn-walk": "^8.1.1",
        "arg": "^4.1.0",
        "create-require": "^1.1.0",
        "diff": "^4.0.1",
        "make-error": "^1.1.1",
        "v8-compile-cache-lib": "^3.0.1",
        "yn": "3.1.1"
      }
    },
    "tsconfig-paths": {
      "version": "4.2.0",
      "resolved": "https://registry.npmjs.org/tsconfig-paths/-/tsconfig-paths-4.2.0.tgz",
      "integrity": "sha512-NoZ4roiN7LnbKn9QqE1amc9DJfzvZXxF4xDavcOWt1BPkdx+m+0gJuPM+S0vCe7zTJMYUP0R8pO2XMr+Y8oLIg==",
      "dev": true,
      "requires": {
        "json5": "^2.2.2",
        "minimist": "^1.2.6",
        "strip-bom": "^3.0.0"
      }
    },
    "typescript": {
      "version": "5.9.3",
      "resolved": "https://registry.npmjs.org/typescript/-/typescript-5.9.3.tgz",
      "integrity": "sha512-jl1vZzPDinLr9eUt3J/t7V6FgNEw9QjvBPdysz9KfQDD41fQrC2Y4vKQdiaUpFT4bXlb1RHhLpp8wtm6M5TgSw==",
      "dev": true
    },
    "undici-types": {
      "version": "6.21.0",
      "resolved": "https://registry.npmjs.org/undici-types/-/undici-types-6.21.0.tgz",
      "integrity": "sha512-iwDZqg0QAGrg9Rav5H4n0M64c3mkR59cJ6wQp+7C4nI0gsmExaedaYLNO44eT4AtBBwjbTiGPMlt2Md0T9H9JQ==",
      "dev": true
    },
    "v8-compile-cache-lib": {
      "version": "3.0.1",
      "resolved": "https://registry.npmjs.org/v8-compile-cache-lib/-/v8-compile-cache-lib-3.0.1.tgz",
      "integrity": "sha512-wa7YjyUGfNZngI/vtK0UHAN+lgDCxBPCylVXGp0zu59Fz5aiGtNXaq3DhIov063MorB+VfufLh3JlF2KdTK3xg==",
      "dev": true
    },
    "yn": {
      "version": "3.1.1",
      "resolved": "https://registry.npmjs.org/yn/-/yn-3.1.1.tgz",
      "integrity": "sha512-Ux4ygGWsu2c7isFWe8Yu1YluJmqVhxqK2cLXNQA5AcC3QfbGNpM7fu0Y8b/z16pXLnFxZYvWhd3fhBY9DLmC6Q==",
      "dev": true
    }
  }
}
